
Microsoft Visual Studio Solution File, Format Version 12.00
# Visual Studio Version 17
VisualStudioVersion = 17.7.34221.43
MinimumVisualStudioVersion = 10.0.40219.1
Project("{FAE04EC0-301F-11D3-BF4B-00C04F79EFBC}") = "ConsoleAppArraylist", "ConsoleAppArraylist\ConsoleAppArraylist.csproj", "{306BB63C-FBFB-4409-BE8F-88FE6FEC9C60}"
EndProject
Global
	GlobalSection(SolutionConfigurationPlatforms) = preSolution
		Debug|Any CPU = Debug|Any CPU
		Release|Any CPU = Release|Any CPU
	EndGlobalSection
	GlobalSection(ProjectConfigurationPlatforms) = postSolution
		{306BB63C-FBFB-4409-BE8F-88FE6FEC9C60}.Debug|Any CPU.ActiveCfg = Debug|Any CPU
		{306BB63C-FBFB-4409-BE8F-88FE6FEC9C60}.Debug|Any CPU.Build.0 = Debug|Any CPU
		{306BB63C-FBFB-4409-BE8F-88FE6FEC9C60}.Release|Any CPU.ActiveCfg = Release|Any CPU
		{306BB63C-FBFB-4409-BE8F-88FE6FEC9C60}.Release|Any CPU.Build.0 = Release|Any CPU
	EndGlobalSection
	GlobalSection(SolutionProperties) = preSolution
		HideSolutionNode = FALSE
	EndGlobalSection
	GlobalSection(ExtensibilityGlobals) = postSolution
		SolutionGuid = {684542EC-09F6-4E60-AD80-87C3A9644429}
	EndGlobalSection
EndGlobal
